// !$*UTF8*$!
{
	archiveVersion = 1;
	classes = {
	};
	objectVersion = 50;
	objects = {

/* Begin PBXBuildFile section */
		B556ABF82714475D00A4C8C5 /* AppDelegate.swift in Sources */ = {isa = PBXBuildFile; fileRef = B556ABF72714475D00A4C8C5 /* AppDelegate.swift */; };
		B556ABFA2714475D00A4C8C5 /* SceneDelegate.swift in Sources */ = {isa = PBXBuildFile; fileRef = B556ABF92714475D00A4C8C5 /* SceneDelegate.swift */; };
		B556AC012714476100A4C8C5 /* Assets.xcassets in Resources */ = {isa = PBXBuildFile; fileRef = B556AC002714476100A4C8C5 /* Assets.xcassets */; };
		B556AC042714476100A4C8C5 /* LaunchScreen.storyboard in Resources */ = {isa = PBXBuildFile; fileRef = B556AC022714476100A4C8C5 /* LaunchScreen.storyboard */; };
		B556AC12271449E300A4C8C5 /* CollectionScreenViewController.swift in Sources */ = {isa = PBXBuildFile; fileRef = B556AC11271449E300A4C8C5 /* CollectionScreenViewController.swift */; };
		B556AC14271449F200A4C8C5 /* TableScreenViewController.swift in Sources */ = {isa = PBXBuildFile; fileRef = B556AC13271449F200A4C8C5 /* TableScreenViewController.swift */; };
		B556AC16271449FE00A4C8C5 /* StackScreenViewController.swift in Sources */ = {isa = PBXBuildFile; fileRef = B556AC15271449FE00A4C8C5 /* StackScreenViewController.swift */; };
		B556AC1827144A7A00A4C8C5 /* CollectionScreenInteractor.swift in Sources */ = {isa = PBXBuildFile; fileRef = B556AC1727144A7A00A4C8C5 /* CollectionScreenInteractor.swift */; };
		B556AC1A27144A8B00A4C8C5 /* TableScreenInteractor.swift in Sources */ = {isa = PBXBuildFile; fileRef = B556AC1927144A8B00A4C8C5 /* TableScreenInteractor.swift */; };
		B556AC1C27144A9900A4C8C5 /* StackScreenInteractor.swift in Sources */ = {isa = PBXBuildFile; fileRef = B556AC1B27144A9900A4C8C5 /* StackScreenInteractor.swift */; };
		B556AC1E27144AAE00A4C8C5 /* CollectionScreenPresenter.swift in Sources */ = {isa = PBXBuildFile; fileRef = B556AC1D27144AAE00A4C8C5 /* CollectionScreenPresenter.swift */; };
		B556AC2027144AC100A4C8C5 /* TableScreenPresenter.swift in Sources */ = {isa = PBXBuildFile; fileRef = B556AC1F27144AC100A4C8C5 /* TableScreenPresenter.swift */; };
		B556AC2227144AD100A4C8C5 /* StackScreenPresenter.swift in Sources */ = {isa = PBXBuildFile; fileRef = B556AC2127144AD100A4C8C5 /* StackScreenPresenter.swift */; };
		B556AC2427144AE400A4C8C5 /* CollectionScreenRouter.swift in Sources */ = {isa = PBXBuildFile; fileRef = B556AC2327144AE400A4C8C5 /* CollectionScreenRouter.swift */; };
		B556AC2627144AF000A4C8C5 /* TableScreenRouter.swift in Sources */ = {isa = PBXBuildFile; fileRef = B556AC2527144AF000A4C8C5 /* TableScreenRouter.swift */; };
		B556AC2827144AFB00A4C8C5 /* StackScreenRouter.swift in Sources */ = {isa = PBXBuildFile; fileRef = B556AC2727144AFB00A4C8C5 /* StackScreenRouter.swift */; };
		B556AC2A27144B8C00A4C8C5 /* CollectionScreenModels.swift in Sources */ = {isa = PBXBuildFile; fileRef = B556AC2927144B8C00A4C8C5 /* CollectionScreenModels.swift */; };
		B556AC2C27144B9900A4C8C5 /* TableScreenModels.swift in Sources */ = {isa = PBXBuildFile; fileRef = B556AC2B27144B9900A4C8C5 /* TableScreenModels.swift */; };
		B556AC2E27144BA300A4C8C5 /* StackScreenModels.swift in Sources */ = {isa = PBXBuildFile; fileRef = B556AC2D27144BA300A4C8C5 /* StackScreenModels.swift */; };
		B556AC3027144BB700A4C8C5 /* CollectionScreenAssembly.swift in Sources */ = {isa = PBXBuildFile; fileRef = B556AC2F27144BB700A4C8C5 /* CollectionScreenAssembly.swift */; };
		B556AC3227144BCA00A4C8C5 /* TableScreenAssembly.swift in Sources */ = {isa = PBXBuildFile; fileRef = B556AC3127144BCA00A4C8C5 /* TableScreenAssembly.swift */; };
		B556AC3427144BDC00A4C8C5 /* StackScreenAssembly.swift in Sources */ = {isa = PBXBuildFile; fileRef = B556AC3327144BDC00A4C8C5 /* StackScreenAssembly.swift */; };
		B556AC3627149FF800A4C8C5 /* UIViewPin.swift in Sources */ = {isa = PBXBuildFile; fileRef = B556AC3527149FF800A4C8C5 /* UIViewPin.swift */; };
/* End PBXBuildFile section */

/* Begin PBXFileReference section */
		B556ABF42714475D00A4C8C5 /* mdleypunskiyPW3.app */ = {isa = PBXFileReference; explicitFileType = wrapper.application; includeInIndex = 0; path = mdleypunskiyPW3.app; sourceTree = BUILT_PRODUCTS_DIR; };
		B556ABF72714475D00A4C8C5 /* AppDelegate.swift */ = {isa = PBXFileReference; lastKnownFileType = sourcecode.swift; path = AppDelegate.swift; sourceTree = "<group>"; };
		B556ABF92714475D00A4C8C5 /* SceneDelegate.swift */ = {isa = PBXFileReference; lastKnownFileType = sourcecode.swift; path = SceneDelegate.swift; sourceTree = "<group>"; };
		B556AC002714476100A4C8C5 /* Assets.xcassets */ = {isa = PBXFileReference; lastKnownFileType = folder.assetcatalog; path = Assets.xcassets; sourceTree = "<group>"; };
		B556AC032714476100A4C8C5 /* Base */ = {isa = PBXFileReference; lastKnownFileType = file.storyboard; name = Base; path = Base.lproj/LaunchScreen.storyboard; sourceTree = "<group>"; };
		B556AC052714476100A4C8C5 /* Info.plist */ = {isa = PBXFileReference; lastKnownFileType = text.plist.xml; path = Info.plist; sourceTree = "<group>"; };
		B556AC11271449E300A4C8C5 /* CollectionScreenViewController.swift */ = {isa = PBXFileReference; lastKnownFileType = sourcecode.swift; path = CollectionScreenViewController.swift; sourceTree = "<group>"; };
		B556AC13271449F200A4C8C5 /* TableScreenViewController.swift */ = {isa = PBXFileReference; lastKnownFileType = sourcecode.swift; path = TableScreenViewController.swift; sourceTree = "<group>"; };
		B556AC15271449FE00A4C8C5 /* StackScreenViewController.swift */ = {isa = PBXFileReference; lastKnownFileType = sourcecode.swift; path = StackScreenViewController.swift; sourceTree = "<group>"; };
		B556AC1727144A7A00A4C8C5 /* CollectionScreenInteractor.swift */ = {isa = PBXFileReference; lastKnownFileType = sourcecode.swift; path = CollectionScreenInteractor.swift; sourceTree = "<group>"; };
		B556AC1927144A8B00A4C8C5 /* TableScreenInteractor.swift */ = {isa = PBXFileReference; lastKnownFileType = sourcecode.swift; path = TableScreenInteractor.swift; sourceTree = "<group>"; };
		B556AC1B27144A9900A4C8C5 /* StackScreenInteractor.swift */ = {isa = PBXFileReference; lastKnownFileType = sourcecode.swift; path = StackScreenInteractor.swift; sourceTree = "<group>"; };
		B556AC1D27144AAE00A4C8C5 /* CollectionScreenPresenter.swift */ = {isa = PBXFileReference; lastKnownFileType = sourcecode.swift; path = CollectionScreenPresenter.swift; sourceTree = "<group>"; };
		B556AC1F27144AC100A4C8C5 /* TableScreenPresenter.swift */ = {isa = PBXFileReference; lastKnownFileType = sourcecode.swift; path = TableScreenPresenter.swift; sourceTree = "<group>"; };
		B556AC2127144AD100A4C8C5 /* StackScreenPresenter.swift */ = {isa = PBXFileReference; lastKnownFileType = sourcecode.swift; path = StackScreenPresenter.swift; sourceTree = "<group>"; };
		B556AC2327144AE400A4C8C5 /* CollectionScreenRouter.swift */ = {isa = PBXFileReference; lastKnownFileType = sourcecode.swift; path = CollectionScreenRouter.swift; sourceTree = "<group>"; };
		B556AC2527144AF000A4C8C5 /* TableScreenRouter.swift */ = {isa = PBXFileReference; lastKnownFileType = sourcecode.swift; path = TableScreenRouter.swift; sourceTree = "<group>"; };
		B556AC2727144AFB00A4C8C5 /* StackScreenRouter.swift */ = {isa = PBXFileReference; lastKnownFileType = sourcecode.swift; path = StackScreenRouter.swift; sourceTree = "<group>"; };
		B556AC2927144B8C00A4C8C5 /* CollectionScreenModels.swift */ = {isa = PBXFileReference; lastKnownFileType = sourcecode.swift; path = CollectionScreenModels.swift; sourceTree = "<group>"; };
		B556AC2B27144B9900A4C8C5 /* TableScreenModels.swift */ = {isa = PBXFileReference; lastKnownFileType = sourcecode.swift; path = TableScreenModels.swift; sourceTree = "<group>"; };
		B556AC2D27144BA300A4C8C5 /* StackScreenModels.swift */ = {isa = PBXFileReference; lastKnownFileType = sourcecode.swift; path = StackScreenModels.swift; sourceTree = "<group>"; };
		B556AC2F27144BB700A4C8C5 /* CollectionScreenAssembly.swift */ = {isa = PBXFileReference; lastKnownFileType = sourcecode.swift; path = CollectionScreenAssembly.swift; sourceTree = "<group>"; };
		B556AC3127144BCA00A4C8C5 /* TableScreenAssembly.swift */ = {isa = PBXFileReference; lastKnownFileType = sourcecode.swift; path = TableScreenAssembly.swift; sourceTree = "<group>"; };
		B556AC3327144BDC00A4C8C5 /* StackScreenAssembly.swift */ = {isa = PBXFileReference; lastKnownFileType = sourcecode.swift; path = StackScreenAssembly.swift; sourceTree = "<group>"; };
		B556AC3527149FF800A4C8C5 /* UIViewPin.swift */ = {isa = PBXFileReference; lastKnownFileType = sourcecode.swift; path = UIViewPin.swift; sourceTree = "<group>"; };
/* End PBXFileReference section */

/* Begin PBXFrameworksBuildPhase section */
		B556ABF12714475D00A4C8C5 /* Frameworks */ = {
			isa = PBXFrameworksBuildPhase;
			buildActionMask = 2147483647;
			files = (
			);
			runOnlyForDeploymentPostprocessing = 0;
		};
/* End PBXFrameworksBuildPhase section */

/* Begin PBXGroup section */
		B556ABEB2714475D00A4C8C5 = {
			isa = PBXGroup;
			children = (
				B556ABF62714475D00A4C8C5 /* mdleypunskiyPW3 */,
				B556ABF52714475D00A4C8C5 /* Products */,
			);
			sourceTree = "<group>";
		};
		B556ABF52714475D00A4C8C5 /* Products */ = {
			isa = PBXGroup;
			children = (
				B556ABF42714475D00A4C8C5 /* mdleypunskiyPW3.app */,
			);
			name = Products;
			sourceTree = "<group>";
		};
		B556ABF62714475D00A4C8C5 /* mdleypunskiyPW3 */ = {
			isa = PBXGroup;
			children = (
				B556AC102714498500A4C8C5 /* CollectionScreen */,
				B556AC0F2714497800A4C8C5 /* TableScreen */,
				B556AC0E2714496000A4C8C5 /* StackScreen */,
				B556ABF72714475D00A4C8C5 /* AppDelegate.swift */,
				B556ABF92714475D00A4C8C5 /* SceneDelegate.swift */,
				B556AC002714476100A4C8C5 /* Assets.xcassets */,
				B556AC022714476100A4C8C5 /* LaunchScreen.storyboard */,
				B556AC052714476100A4C8C5 /* Info.plist */,
				B556AC3527149FF800A4C8C5 /* UIViewPin.swift */,
			);
			path = mdleypunskiyPW3;
			sourceTree = "<group>";
		};
		B556AC0E2714496000A4C8C5 /* StackScreen */ = {
			isa = PBXGroup;
			children = (
				B556AC15271449FE00A4C8C5 /* StackScreenViewController.swift */,
				B556AC1B27144A9900A4C8C5 /* StackScreenInteractor.swift */,
				B556AC2127144AD100A4C8C5 /* StackScreenPresenter.swift */,
				B556AC2727144AFB00A4C8C5 /* StackScreenRouter.swift */,
				B556AC2D27144BA300A4C8C5 /* StackScreenModels.swift */,
				B556AC3327144BDC00A4C8C5 /* StackScreenAssembly.swift */,
			);
			path = StackScreen;
			sourceTree = "<group>";
		};
		B556AC0F2714497800A4C8C5 /* TableScreen */ = {
			isa = PBXGroup;
			children = (
				B556AC13271449F200A4C8C5 /* TableScreenViewController.swift */,
				B556AC1927144A8B00A4C8C5 /* TableScreenInteractor.swift */,
				B556AC1F27144AC100A4C8C5 /* TableScreenPresenter.swift */,
				B556AC2527144AF000A4C8C5 /* TableScreenRouter.swift */,
				B556AC2B27144B9900A4C8C5 /* TableScreenModels.swift */,
				B556AC3127144BCA00A4C8C5 /* TableScreenAssembly.swift */,
			);
			path = TableScreen;
			sourceTree = "<group>";
		};
		B556AC102714498500A4C8C5 /* CollectionScreen */ = {
			isa = PBXGroup;
			children = (
				B556AC11271449E300A4C8C5 /* CollectionScreenViewController.swift */,
				B556AC1727144A7A00A4C8C5 /* CollectionScreenInteractor.swift */,
				B556AC1D27144AAE00A4C8C5 /* CollectionScreenPresenter.swift */,
				B556AC2327144AE400A4C8C5 /* CollectionScreenRouter.swift */,
				B556AC2927144B8C00A4C8C5 /* CollectionScreenModels.swift */,
				B556AC2F27144BB700A4C8C5 /* CollectionScreenAssembly.swift */,
			);
			path = CollectionScreen;
			sourceTree = "<group>";
		};
/* End PBXGroup section */

/* Begin PBXNativeTarget section */
		B556ABF32714475D00A4C8C5 /* mdleypunskiyPW3 */ = {
			isa = PBXNativeTarget;
			buildConfigurationList = B556AC082714476100A4C8C5 /* Build configuration list for PBXNativeTarget "mdleypunskiyPW3" */;
			buildPhases = (
				B556ABF02714475D00A4C8C5 /* Sources */,
				B556ABF12714475D00A4C8C5 /* Frameworks */,
				B556ABF22714475D00A4C8C5 /* Resources */,
			);
			buildRules = (
			);
			dependencies = (
			);
			name = mdleypunskiyPW3;
			productName = mdleypunskiyPW3;
			productReference = B556ABF42714475D00A4C8C5 /* mdleypunskiyPW3.app */;
			productType = "com.apple.product-type.application";
		};
/* End PBXNativeTarget section */

/* Begin PBXProject section */
		B556ABEC2714475D00A4C8C5 /* Project object */ = {
			isa = PBXProject;
			attributes = {
				LastSwiftUpdateCheck = 1250;
				LastUpgradeCheck = 1250;
				TargetAttributes = {
					B556ABF32714475D00A4C8C5 = {
						CreatedOnToolsVersion = 12.5.1;
					};
				};
			};
			buildConfigurationList = B556ABEF2714475D00A4C8C5 /* Build configuration list for PBXProject "mdleypunskiyPW3" */;
			compatibilityVersion = "Xcode 9.3";
			developmentRegion = en;
			hasScannedForEncodings = 0;
			knownRegions = (
				en,
				Base,
			);
			mainGroup = B556ABEB2714475D00A4C8C5;
			productRefGroup = B556ABF52714475D00A4C8C5 /* Products */;
			projectDirPath = "";
			projectRoot = "";
			targets = (
				B556ABF32714475D00A4C8C5 /* mdleypunskiyPW3 */,
			);
		};
/* End PBXProject section */

/* Begin PBXResourcesBuildPhase section */
		B556ABF22714475D00A4C8C5 /* Resources */ = {
			isa = PBXResourcesBuildPhase;
			buildActionMask = 2147483647;
			files = (
				B556AC042714476100A4C8C5 /* LaunchScreen.storyboard in Resources */,
				B556AC012714476100A4C8C5 /* Assets.xcassets in Resources */,
			);
			runOnlyForDeploymentPostprocessing = 0;
		};
/* End PBXResourcesBuildPhase section */

/* Begin PBXSourcesBuildPhase section */
		B556ABF02714475D00A4C8C5 /* Sources */ = {
			isa = PBXSourcesBuildPhase;
			buildActionMask = 2147483647;
			files = (
				B556AC1827144A7A00A4C8C5 /* CollectionScreenInteractor.swift in Sources */,
				B556AC12271449E300A4C8C5 /* CollectionScreenViewController.swift in Sources */,
				B556ABF82714475D00A4C8C5 /* AppDelegate.swift in Sources */,
				B556AC2A27144B8C00A4C8C5 /* CollectionScreenModels.swift in Sources */,
				B556AC1A27144A8B00A4C8C5 /* TableScreenInteractor.swift in Sources */,
				B556AC2427144AE400A4C8C5 /* CollectionScreenRouter.swift in Sources */,
				B556AC16271449FE00A4C8C5 /* StackScreenViewController.swift in Sources */,
				B556AC3227144BCA00A4C8C5 /* TableScreenAssembly.swift in Sources */,
				B556ABFA2714475D00A4C8C5 /* SceneDelegate.swift in Sources */,
				B556AC2627144AF000A4C8C5 /* TableScreenRouter.swift in Sources */,
				B556AC3427144BDC00A4C8C5 /* StackScreenAssembly.swift in Sources */,
				B556AC14271449F200A4C8C5 /* TableScreenViewController.swift in Sources */,
				B556AC1E27144AAE00A4C8C5 /* CollectionScreenPresenter.swift in Sources */,
				B556AC1C27144A9900A4C8C5 /* StackScreenInteractor.swift in Sources */,
				B556AC2E27144BA300A4C8C5 /* StackScreenModels.swift in Sources */,
				B556AC2827144AFB00A4C8C5 /* StackScreenRouter.swift in Sources */,
				B556AC2227144AD100A4C8C5 /* StackScreenPresenter.swift in Sources */,
				B556AC2C27144B9900A4C8C5 /* TableScreenModels.swift in Sources */,
				B556AC3627149FF800A4C8C5 /* UIViewPin.swift in Sources */,
				B556AC2027144AC100A4C8C5 /* TableScreenPresenter.swift in Sources */,
				B556AC3027144BB700A4C8C5 /* CollectionScreenAssembly.swift in Sources */,
			);
			runOnlyForDeploymentPostprocessing = 0;
		};
/* End PBXSourcesBuildPhase section */

/* Begin PBXVariantGroup section */
		B556AC022714476100A4C8C5 /* LaunchScreen.storyboard */ = {
			isa = PBXVariantGroup;
			children = (
				B556AC032714476100A4C8C5 /* Base */,
			);
			name = LaunchScreen.storyboard;
			sourceTree = "<group>";
		};
/* End PBXVariantGroup section */

/* Begin XCBuildConfiguration section */
		B556AC062714476100A4C8C5 /* Debug */ = {
			isa = XCBuildConfiguration;
			buildSettings = {
				ALWAYS_SEARCH_USER_PATHS = NO;
				CLANG_ANALYZER_NONNULL = YES;
				CLANG_ANALYZER_NUMBER_OBJECT_CONVERSION = YES_AGGRESSIVE;
				CLANG_CXX_LANGUAGE_STANDARD = "gnu++14";
				CLANG_CXX_LIBRARY = "libc++";
				CLANG_ENABLE_MODULES = YES;
				CLANG_ENABLE_OBJC_ARC = YES;
				CLANG_ENABLE_OBJC_WEAK = YES;
				CLANG_WARN_BLOCK_CAPTURE_AUTORELEASING = YES;
				CLANG_WARN_BOOL_CONVERSION = YES;
				CLANG_WARN_COMMA = YES;
				CLANG_WARN_CONSTANT_CONVERSION = YES;
				CLANG_WARN_DEPRECATED_OBJC_IMPLEMENTATIONS = YES;
				CLANG_WARN_DIRECT_OBJC_ISA_USAGE = YES_ERROR;
				CLANG_WARN_DOCUMENTATION_COMMENTS = YES;
				CLANG_WARN_EMPTY_BODY = YES;
				CLANG_WARN_ENUM_CONVERSION = YES;
				CLANG_WARN_INFINITE_RECURSION = YES;
				CLANG_WARN_INT_CONVERSION = YES;
				CLANG_WARN_NON_LITERAL_NULL_CONVERSION = YES;
				CLANG_WARN_OBJC_IMPLICIT_RETAIN_SELF = YES;
				CLANG_WARN_OBJC_LITERAL_CONVERSION = YES;
				CLANG_WARN_OBJC_ROOT_CLASS = YES_ERROR;
				CLANG_WARN_QUOTED_INCLUDE_IN_FRAMEWORK_HEADER = YES;
				CLANG_WARN_RANGE_LOOP_ANALYSIS = YES;
				CLANG_WARN_STRICT_PROTOTYPES = YES;
				CLANG_WARN_SUSPICIOUS_MOVE = YES;
				CLANG_WARN_UNGUARDED_AVAILABILITY = YES_AGGRESSIVE;
				CLANG_WARN_UNREACHABLE_CODE = YES;
				CLANG_WARN__DUPLICATE_METHOD_MATCH = YES;
				COPY_PHASE_STRIP = NO;
				DEBUG_INFORMATION_FORMAT = dwarf;
				ENABLE_STRICT_OBJC_MSGSEND = YES;
				ENABLE_TESTABILITY = YES;
				GCC_C_LANGUAGE_STANDARD = gnu11;
				GCC_DYNAMIC_NO_PIC = NO;
				GCC_NO_COMMON_BLOCKS = YES;
				GCC_OPTIMIZATION_LEVEL = 0;
				GCC_PREPROCESSOR_DEFINITIONS = (
					"DEBUG=1",
					"$(inherited)",
				);
				GCC_WARN_64_TO_32_BIT_CONVERSION = YES;
				GCC_WARN_ABOUT_RETURN_TYPE = YES_ERROR;
				GCC_WARN_UNDECLARED_SELECTOR = YES;
				GCC_WARN_UNINITIALIZED_AUTOS = YES_AGGRESSIVE;
				GCC_WARN_UNUSED_FUNCTION = YES;
				GCC_WARN_UNUSED_VARIABLE = YES;
				IPHONEOS_DEPLOYMENT_TARGET = 14.5;
				MTL_ENABLE_DEBUG_INFO = INCLUDE_SOURCE;
				MTL_FAST_MATH = YES;
				ONLY_ACTIVE_ARCH = YES;
				SDKROOT = iphoneos;
				SWIFT_ACTIVE_COMPILATION_CONDITIONS = DEBUG;
				SWIFT_OPTIMIZATION_LEVEL = "-Onone";
			};
			name = Debug;
		};
		B556AC072714476100A4C8C5 /* Release */ = {
			isa = XCBuildConfiguration;
			buildSettings = {
				ALWAYS_SEARCH_USER_PATHS = NO;
				CLANG_ANALYZER_NONNULL = YES;
				CLANG_ANALYZER_NUMBER_OBJECT_CONVERSION = YES_AGGRESSIVE;
				CLANG_CXX_LANGUAGE_STANDARD = "gnu++14";
				CLANG_CXX_LIBRARY = "libc++";
				CLANG_ENABLE_MODULES = YES;
				CLANG_ENABLE_OBJC_ARC = YES;
				CLANG_ENABLE_OBJC_WEAK = YES;
				CLANG_WARN_BLOCK_CAPTURE_AUTORELEASING = YES;
				CLANG_WARN_BOOL_CONVERSION = YES;
				CLANG_WARN_COMMA = YES;
				CLANG_WARN_CONSTANT_CONVERSION = YES;
				CLANG_WARN_DEPRECATED_OBJC_IMPLEMENTATIONS = YES;
				CLANG_WARN_DIRECT_OBJC_ISA_USAGE = YES_ERROR;
				CLANG_WARN_DOCUMENTATION_COMMENTS = YES;
				CLANG_WARN_EMPTY_BODY = YES;
				CLANG_WARN_ENUM_CONVERSION = YES;
				CLANG_WARN_INFINITE_RECURSION = YES;
				CLANG_WARN_INT_CONVERSION = YES;
				CLANG_WARN_NON_LITERAL_NULL_CONVERSION = YES;
				CLANG_WARN_OBJC_IMPLICIT_RETAIN_SELF = YES;
				CLANG_WARN_OBJC_LITERAL_CONVERSION = YES;
				CLANG_WARN_OBJC_ROOT_CLASS = YES_ERROR;
				CLANG_WARN_QUOTED_INCLUDE_IN_FRAMEWORK_HEADER = YES;
				CLANG_WARN_RANGE_LOOP_ANALYSIS = YES;
				CLANG_WARN_STRICT_PROTOTYPES = YES;
				CLANG_WARN_SUSPICIOUS_MOVE = YES;
				CLANG_WARN_UNGUARDED_AVAILABILITY = YES_AGGRESSIVE;
				CLANG_WARN_UNREACHABLE_CODE = YES;
				CLANG_WARN__DUPLICATE_METHOD_MATCH = YES;
				COPY_PHASE_STRIP = NO;
				DEBUG_INFORMATION_FORMAT = "dwarf-with-dsym";
				ENABLE_NS_ASSERTIONS = NO;
				ENABLE_STRICT_OBJC_MSGSEND = YES;
				GCC_C_LANGUAGE_STANDARD = gnu11;
				GCC_NO_COMMON_BLOCKS = YES;
				GCC_WARN_64_TO_32_BIT_CONVERSION = YES;
				GCC_WARN_ABOUT_RETURN_TYPE = YES_ERROR;
				GCC_WARN_UNDECLARED_SELECTOR = YES;
				GCC_WARN_UNINITIALIZED_AUTOS = YES_AGGRESSIVE;
				GCC_WARN_UNUSED_FUNCTION = YES;
				GCC_WARN_UNUSED_VARIABLE = YES;
				IPHONEOS_DEPLOYMENT_TARGET = 14.5;
				MTL_ENABLE_DEBUG_INFO = NO;
				MTL_FAST_MATH = YES;
				SDKROOT = iphoneos;
				SWIFT_COMPILATION_MODE = wholemodule;
				SWIFT_OPTIMIZATION_LEVEL = "-O";
				VALIDATE_PRODUCT = YES;
			};
			name = Release;
		};
		B556AC092714476100A4C8C5 /* Debug */ = {
			isa = XCBuildConfiguration;
			buildSettings = {
				ASSETCATALOG_COMPILER_APPICON_NAME = AppIcon;
				ASSETCATALOG_COMPILER_GLOBAL_ACCENT_COLOR_NAME = AccentColor;
				CODE_SIGN_STYLE = Automatic;
				DEVELOPMENT_TEAM = 4Z3SGZ5ZPA;
				INFOPLIST_FILE = mdleypunskiyPW3/Info.plist;
				LD_RUNPATH_SEARCH_PATHS = (
					"$(inherited)",
					"@executable_path/Frameworks",
				);
				PRODUCT_BUNDLE_IDENTIFIER = hse.mdleypunskiyPW3;
				PRODUCT_NAME = "$(TARGET_NAME)";
				SWIFT_VERSION = 5.0;
				TARGETED_DEVICE_FAMILY = "1,2";
			};
			name = Debug;
		};
		B556AC0A2714476100A4C8C5 /* Release */ = {
			isa = XCBuildConfiguration;
			buildSettings = {
				ASSETCATALOG_COMPILER_APPICON_NAME = AppIcon;
				ASSETCATALOG_COMPILER_GLOBAL_ACCENT_COLOR_NAME = AccentColor;
				CODE_SIGN_STYLE = Automatic;
				DEVELOPMENT_TEAM = 4Z3SGZ5ZPA;
				INFOPLIST_FILE = mdleypunskiyPW3/Info.plist;
				LD_RUNPATH_SEARCH_PATHS = (
					"$(inherited)",
					"@executable_path/Frameworks",
				);
				PRODUCT_BUNDLE_IDENTIFIER = hse.mdleypunskiyPW3;
				PRODUCT_NAME = "$(TARGET_NAME)";
				SWIFT_VERSION = 5.0;
				TARGETED_DEVICE_FAMILY = "1,2";
			};
			name = Release;
		};
/* End XCBuildConfiguration section */

/* Begin XCConfigurationList section */
		B556ABEF2714475D00A4C8C5 /* Build configuration list for PBXProject "mdleypunskiyPW3" */ = {
			isa = XCConfigurationList;
			buildConfigurations = (
				B556AC062714476100A4C8C5 /* Debug */,
				B556AC072714476100A4C8C5 /* Release */,
			);
			defaultConfigurationIsVisible = 0;
			defaultConfigurationName = Release;
		};
		B556AC082714476100A4C8C5 /* Build configuration list for PBXNativeTarget "mdleypunskiyPW3" */ = {
			isa = XCConfigurationList;
			buildConfigurations = (
				B556AC092714476100A4C8C5 /* Debug */,
				B556AC0A2714476100A4C8C5 /* Release */,
			);
			defaultConfigurationIsVisible = 0;
			defaultConfigurationName = Release;
		};
/* End XCConfigurationList section */
	};
	rootObject = B556ABEC2714475D00A4C8C5 /* Project object */;
}
